
Microsoft Visual Studio Solution File, Format Version 12.00
# Visual Studio 15
VisualStudioVersion = 15.0.27428.2015
MinimumVisualStudioVersion = 10.0.40219.1
Project("{FAE04EC0-301F-11D3-BF4B-00C04F79EFBC}") = "Class12Demo", "Class12Demo\Class12Demo.csproj", "{416388C5-7081-4790-A9A9-9AE65853786C}"
EndProject
Global
	GlobalSection(SolutionConfigurationPlatforms) = preSolution
		Debug|Any CPU = Debug|Any CPU
		Release|Any CPU = Release|Any CPU
	EndGlobalSection
	GlobalSection(ProjectConfigurationPlatforms) = postSolution
		{416388C5-7081-4790-A9A9-9AE65853786C}.Debug|Any CPU.ActiveCfg = Debug|Any CPU
		{416388C5-7081-4790-A9A9-9AE65853786C}.Debug|Any CPU.Build.0 = Debug|Any CPU
		{416388C5-7081-4790-A9A9-9AE65853786C}.Release|Any CPU.ActiveCfg = Release|Any CPU
		{416388C5-7081-4790-A9A9-9AE65853786C}.Release|Any CPU.Build.0 = Release|Any CPU
	EndGlobalSection
	GlobalSection(SolutionProperties) = preSolution
		HideSolutionNode = FALSE
	EndGlobalSection
	GlobalSection(ExtensibilityGlobals) = postSolution
		SolutionGuid = {0CF33E8F-2A5B-42C3-9520-F623BAC45885}
	EndGlobalSection
EndGlobal
