
Microsoft Visual Studio Solution File, Format Version 12.00
# Visual Studio 15
VisualStudioVersion = 15.0.27428.1
MinimumVisualStudioVersion = 10.0.40219.1
Project("{FAE04EC0-301F-11D3-BF4B-00C04F79EFBC}") = "FrogRace", "FrogRace\FrogRace.csproj", "{F869DF9E-7CB0-4B76-B4E9-52183BBD661D}"
EndProject
Global
	GlobalSection(SolutionConfigurationPlatforms) = preSolution
		Debug|Any CPU = Debug|Any CPU
		Release|Any CPU = Release|Any CPU
	EndGlobalSection
	GlobalSection(ProjectConfigurationPlatforms) = postSolution
		{F869DF9E-7CB0-4B76-B4E9-52183BBD661D}.Debug|Any CPU.ActiveCfg = Debug|Any CPU
		{F869DF9E-7CB0-4B76-B4E9-52183BBD661D}.Debug|Any CPU.Build.0 = Debug|Any CPU
		{F869DF9E-7CB0-4B76-B4E9-52183BBD661D}.Release|Any CPU.ActiveCfg = Release|Any CPU
		{F869DF9E-7CB0-4B76-B4E9-52183BBD661D}.Release|Any CPU.Build.0 = Release|Any CPU
	EndGlobalSection
	GlobalSection(SolutionProperties) = preSolution
		HideSolutionNode = FALSE
	EndGlobalSection
	GlobalSection(ExtensibilityGlobals) = postSolution
		SolutionGuid = {AE68E47B-73B7-49A6-BE33-B557DC193B25}
	EndGlobalSection
EndGlobal
