
Microsoft Visual Studio Solution File, Format Version 12.00
# Visual Studio 15
VisualStudioVersion = 15.0.27428.1
MinimumVisualStudioVersion = 10.0.40219.1
Project("{FAE04EC0-301F-11D3-BF4B-00C04F79EFBC}") = "Class09Demo", "Class09Demo\Class09Demo.csproj", "{FCFF4894-0DD0-4E2C-91A2-7B66306D2A2B}"
EndProject
Global
	GlobalSection(SolutionConfigurationPlatforms) = preSolution
		Debug|Any CPU = Debug|Any CPU
		Release|Any CPU = Release|Any CPU
	EndGlobalSection
	GlobalSection(ProjectConfigurationPlatforms) = postSolution
		{FCFF4894-0DD0-4E2C-91A2-7B66306D2A2B}.Debug|Any CPU.ActiveCfg = Debug|Any CPU
		{FCFF4894-0DD0-4E2C-91A2-7B66306D2A2B}.Debug|Any CPU.Build.0 = Debug|Any CPU
		{FCFF4894-0DD0-4E2C-91A2-7B66306D2A2B}.Release|Any CPU.ActiveCfg = Release|Any CPU
		{FCFF4894-0DD0-4E2C-91A2-7B66306D2A2B}.Release|Any CPU.Build.0 = Release|Any CPU
	EndGlobalSection
	GlobalSection(SolutionProperties) = preSolution
		HideSolutionNode = FALSE
	EndGlobalSection
	GlobalSection(ExtensibilityGlobals) = postSolution
		SolutionGuid = {1386F6CC-7049-4977-88A9-5A342E0AF079}
	EndGlobalSection
EndGlobal
