
Microsoft Visual Studio Solution File, Format Version 12.00
# Visual Studio 15
VisualStudioVersion = 15.0.27428.2037
MinimumVisualStudioVersion = 10.0.40219.1
Project("{FAE04EC0-301F-11D3-BF4B-00C04F79EFBC}") = "RazorPageClassDemo", "RazorPageClassDemo\RazorPageClassDemo.csproj", "{DD912749-C50C-4C43-BC1F-1070683CE754}"
EndProject
Global
	GlobalSection(SolutionConfigurationPlatforms) = preSolution
		Debug|Any CPU = Debug|Any CPU
		Release|Any CPU = Release|Any CPU
	EndGlobalSection
	GlobalSection(ProjectConfigurationPlatforms) = postSolution
		{DD912749-C50C-4C43-BC1F-1070683CE754}.Debug|Any CPU.ActiveCfg = Debug|Any CPU
		{DD912749-C50C-4C43-BC1F-1070683CE754}.Debug|Any CPU.Build.0 = Debug|Any CPU
		{DD912749-C50C-4C43-BC1F-1070683CE754}.Release|Any CPU.ActiveCfg = Release|Any CPU
		{DD912749-C50C-4C43-BC1F-1070683CE754}.Release|Any CPU.Build.0 = Release|Any CPU
	EndGlobalSection
	GlobalSection(SolutionProperties) = preSolution
		HideSolutionNode = FALSE
	EndGlobalSection
	GlobalSection(ExtensibilityGlobals) = postSolution
		SolutionGuid = {375FFD6D-98BB-471E-A93B-E8B881B6F488}
	EndGlobalSection
EndGlobal
