
Microsoft Visual Studio Solution File, Format Version 12.00
# Visual Studio 15
VisualStudioVersion = 15.0.27428.2037
MinimumVisualStudioVersion = 10.0.40219.1
Project("{FAE04EC0-301F-11D3-BF4B-00C04F79EFBC}") = "Week6IdentityDemo", "Week6IdentityDemo\Week6IdentityDemo.csproj", "{AF5BF6A6-C184-462B-9CDE-4B16F08F0570}"
EndProject
Global
	GlobalSection(SolutionConfigurationPlatforms) = preSolution
		Debug|Any CPU = Debug|Any CPU
		Release|Any CPU = Release|Any CPU
	EndGlobalSection
	GlobalSection(ProjectConfigurationPlatforms) = postSolution
		{AF5BF6A6-C184-462B-9CDE-4B16F08F0570}.Debug|Any CPU.ActiveCfg = Debug|Any CPU
		{AF5BF6A6-C184-462B-9CDE-4B16F08F0570}.Debug|Any CPU.Build.0 = Debug|Any CPU
		{AF5BF6A6-C184-462B-9CDE-4B16F08F0570}.Release|Any CPU.ActiveCfg = Release|Any CPU
		{AF5BF6A6-C184-462B-9CDE-4B16F08F0570}.Release|Any CPU.Build.0 = Release|Any CPU
	EndGlobalSection
	GlobalSection(SolutionProperties) = preSolution
		HideSolutionNode = FALSE
	EndGlobalSection
	GlobalSection(ExtensibilityGlobals) = postSolution
		SolutionGuid = {0BDAB4C2-C209-47E5-B11D-59896CFCF443}
	EndGlobalSection
EndGlobal
