
Microsoft Visual Studio Solution File, Format Version 12.00
# Visual Studio 15
VisualStudioVersion = 15.0.27428.2015
MinimumVisualStudioVersion = 10.0.40219.1
Project("{FAE04EC0-301F-11D3-BF4B-00C04F79EFBC}") = "Class11Demo", "Class11Demo\Class11Demo.csproj", "{142DFC70-D792-4D25-9CA5-E441E2A11431}"
EndProject
Global
	GlobalSection(SolutionConfigurationPlatforms) = preSolution
		Debug|Any CPU = Debug|Any CPU
		Release|Any CPU = Release|Any CPU
	EndGlobalSection
	GlobalSection(ProjectConfigurationPlatforms) = postSolution
		{142DFC70-D792-4D25-9CA5-E441E2A11431}.Debug|Any CPU.ActiveCfg = Debug|Any CPU
		{142DFC70-D792-4D25-9CA5-E441E2A11431}.Debug|Any CPU.Build.0 = Debug|Any CPU
		{142DFC70-D792-4D25-9CA5-E441E2A11431}.Release|Any CPU.ActiveCfg = Release|Any CPU
		{142DFC70-D792-4D25-9CA5-E441E2A11431}.Release|Any CPU.Build.0 = Release|Any CPU
	EndGlobalSection
	GlobalSection(SolutionProperties) = preSolution
		HideSolutionNode = FALSE
	EndGlobalSection
	GlobalSection(ExtensibilityGlobals) = postSolution
		SolutionGuid = {A5163BD9-6A9E-40D2-BD18-6FECBB0327B9}
	EndGlobalSection
EndGlobal
